
Microsoft Visual Studio Solution File, Format Version 12.00
# Visual Studio 2013
VisualStudioVersion = 12.0.30501.0
MinimumVisualStudioVersion = 10.0.40219.1
Project("{2150E333-8FDC-42A3-9474-1A3956D46DE8}") = "Client", "Client", "{FF0EC436-653A-4863-8452-77F88611F66A}"
EndProject
Project("{2150E333-8FDC-42A3-9474-1A3956D46DE8}") = "Tests", "Tests", "{FC123DF3-9AEC-4D05-96AD-128058F5B635}"
EndProject
Project("{FAE04EC0-301F-11D3-BF4B-00C04F79EFBC}") = "Test Project", "Test Project\Test Project.csproj", "{E3C14E24-3969-4B78-BD38-FC33B0854FD2}"
EndProject
Project("{FAE04EC0-301F-11D3-BF4B-00C04F79EFBC}") = "SKPL.UserInterface", "SKPL.UserInterface\SKPL.UserInterface.csproj", "{24DB7CA2-8937-4675-AEC2-45B6F281BB93}"
EndProject
Project("{FAE04EC0-301F-11D3-BF4B-00C04F79EFBC}") = "SKPL.ClassLibary", "SKPL.ClassLibary\SKPL.ClassLibary.csproj", "{CA5E67FE-4489-41B1-A45D-D7F9AA20D1B8}"
EndProject
Project("{F088123C-0E9E-452A-89E6-6BA2F21D5CAC}") = "Diagrams", "Diagrams\Diagrams.modelproj", "{229B865C-FAC9-4CDD-B131-1B233F5E7BE9}"
EndProject
Project("{2150E333-8FDC-42A3-9474-1A3956D46DE8}") = "Diagram", "Diagram", "{94190DF2-2C19-4C85-90C6-8C399C1EBC24}"
EndProject
Global
	GlobalSection(SolutionConfigurationPlatforms) = preSolution
		Debug|Any CPU = Debug|Any CPU
		Release|Any CPU = Release|Any CPU
	EndGlobalSection
	GlobalSection(ProjectConfigurationPlatforms) = postSolution
		{E3C14E24-3969-4B78-BD38-FC33B0854FD2}.Debug|Any CPU.ActiveCfg = Debug|Any CPU
		{E3C14E24-3969-4B78-BD38-FC33B0854FD2}.Debug|Any CPU.Build.0 = Debug|Any CPU
		{E3C14E24-3969-4B78-BD38-FC33B0854FD2}.Release|Any CPU.ActiveCfg = Release|Any CPU
		{E3C14E24-3969-4B78-BD38-FC33B0854FD2}.Release|Any CPU.Build.0 = Release|Any CPU
		{24DB7CA2-8937-4675-AEC2-45B6F281BB93}.Debug|Any CPU.ActiveCfg = Debug|Any CPU
		{24DB7CA2-8937-4675-AEC2-45B6F281BB93}.Debug|Any CPU.Build.0 = Debug|Any CPU
		{24DB7CA2-8937-4675-AEC2-45B6F281BB93}.Release|Any CPU.ActiveCfg = Release|Any CPU
		{24DB7CA2-8937-4675-AEC2-45B6F281BB93}.Release|Any CPU.Build.0 = Release|Any CPU
		{CA5E67FE-4489-41B1-A45D-D7F9AA20D1B8}.Debug|Any CPU.ActiveCfg = Debug|Any CPU
		{CA5E67FE-4489-41B1-A45D-D7F9AA20D1B8}.Debug|Any CPU.Build.0 = Debug|Any CPU
		{CA5E67FE-4489-41B1-A45D-D7F9AA20D1B8}.Release|Any CPU.ActiveCfg = Release|Any CPU
		{CA5E67FE-4489-41B1-A45D-D7F9AA20D1B8}.Release|Any CPU.Build.0 = Release|Any CPU
		{229B865C-FAC9-4CDD-B131-1B233F5E7BE9}.Debug|Any CPU.ActiveCfg = Debug|Any CPU
		{229B865C-FAC9-4CDD-B131-1B233F5E7BE9}.Debug|Any CPU.Build.0 = Debug|Any CPU
		{229B865C-FAC9-4CDD-B131-1B233F5E7BE9}.Release|Any CPU.ActiveCfg = Release|Any CPU
		{229B865C-FAC9-4CDD-B131-1B233F5E7BE9}.Release|Any CPU.Build.0 = Release|Any CPU
	EndGlobalSection
	GlobalSection(SolutionProperties) = preSolution
		HideSolutionNode = FALSE
	EndGlobalSection
	GlobalSection(NestedProjects) = preSolution
		{E3C14E24-3969-4B78-BD38-FC33B0854FD2} = {FC123DF3-9AEC-4D05-96AD-128058F5B635}
		{24DB7CA2-8937-4675-AEC2-45B6F281BB93} = {FF0EC436-653A-4863-8452-77F88611F66A}
		{CA5E67FE-4489-41B1-A45D-D7F9AA20D1B8} = {FF0EC436-653A-4863-8452-77F88611F66A}
		{229B865C-FAC9-4CDD-B131-1B233F5E7BE9} = {94190DF2-2C19-4C85-90C6-8C399C1EBC24}
	EndGlobalSection
EndGlobal
